// !$*UTF8*$!
{
	archiveVersion = 1;
	classes = {
	};
	objectVersion = 50;
	objects = {

/* Begin PBXBuildFile section */
		0DC43CEE2B03B2D477084C91 /* Pods_DemoFormTests.framework in Frameworks */ = {isa = PBXBuildFile; fileRef = AC7E9D1E3EE25C366138941B /* Pods_DemoFormTests.framework */; };
		1C1D1DAB21C206B900F7B951 /* AppDelegate.swift in Sources */ = {isa = PBXBuildFile; fileRef = 1C1D1DAA21C206B900F7B951 /* AppDelegate.swift */; };
		1C1D1DAD21C206B900F7B951 /* ViewController.swift in Sources */ = {isa = PBXBuildFile; fileRef = 1C1D1DAC21C206B900F7B951 /* ViewController.swift */; };
		1C1D1DB021C206B900F7B951 /* Main.storyboard in Resources */ = {isa = PBXBuildFile; fileRef = 1C1D1DAE21C206B900F7B951 /* Main.storyboard */; };
		1C1D1DB221C206BB00F7B951 /* Assets.xcassets in Resources */ = {isa = PBXBuildFile; fileRef = 1C1D1DB121C206BB00F7B951 /* Assets.xcassets */; };
		1C1D1DB521C206BB00F7B951 /* LaunchScreen.storyboard in Resources */ = {isa = PBXBuildFile; fileRef = 1C1D1DB321C206BB00F7B951 /* LaunchScreen.storyboard */; };
		1C1D1DC021C206BB00F7B951 /* DemoFormTests.swift in Sources */ = {isa = PBXBuildFile; fileRef = 1C1D1DBF21C206BB00F7B951 /* DemoFormTests.swift */; };
		1C1D1DCB21C206BC00F7B951 /* DemoFormUITests.swift in Sources */ = {isa = PBXBuildFile; fileRef = 1C1D1DCA21C206BC00F7B951 /* DemoFormUITests.swift */; };
		1C1D1DDB21C208F100F7B951 /* BaseViewController.swift in Sources */ = {isa = PBXBuildFile; fileRef = 1C1D1DD921C208F100F7B951 /* BaseViewController.swift */; };
		1C1D1DDF21C2098C00F7B951 /* FormTextfield.swift in Sources */ = {isa = PBXBuildFile; fileRef = 1C1D1DDE21C2098C00F7B951 /* FormTextfield.swift */; };
		1C1D1DE121C209A500F7B951 /* FormTextfield.xib in Resources */ = {isa = PBXBuildFile; fileRef = 1C1D1DE021C209A500F7B951 /* FormTextfield.xib */; };
		1C1D1DE421C2167D00F7B951 /* UIView.swift in Sources */ = {isa = PBXBuildFile; fileRef = 1C1D1DE321C2167D00F7B951 /* UIView.swift */; };
		1C1D1DE621C2219A00F7B951 /* UITextField.swift in Sources */ = {isa = PBXBuildFile; fileRef = 1C1D1DE521C2219A00F7B951 /* UITextField.swift */; };
		B83FA12C4B3ACA62A5484460 /* Pods_DemoFormUITests.framework in Frameworks */ = {isa = PBXBuildFile; fileRef = 3481CF9822AB50200264A890 /* Pods_DemoFormUITests.framework */; };
		EC15AE67B4812D9A11FD595E /* Pods_DemoForm.framework in Frameworks */ = {isa = PBXBuildFile; fileRef = 23CCE75026446C8507A2931B /* Pods_DemoForm.framework */; };
/* End PBXBuildFile section */

/* Begin PBXContainerItemProxy section */
		1C1D1DBC21C206BB00F7B951 /* PBXContainerItemProxy */ = {
			isa = PBXContainerItemProxy;
			containerPortal = 1C1D1D9F21C206B900F7B951 /* Project object */;
			proxyType = 1;
			remoteGlobalIDString = 1C1D1DA621C206B900F7B951;
			remoteInfo = DemoForm;
		};
		1C1D1DC721C206BC00F7B951 /* PBXContainerItemProxy */ = {
			isa = PBXContainerItemProxy;
			containerPortal = 1C1D1D9F21C206B900F7B951 /* Project object */;
			proxyType = 1;
			remoteGlobalIDString = 1C1D1DA621C206B900F7B951;
			remoteInfo = DemoForm;
		};
/* End PBXContainerItemProxy section */

/* Begin PBXFileReference section */
		0850CB5865A79145FF1D11A0 /* Pods-DemoFormTests.debug.xcconfig */ = {isa = PBXFileReference; includeInIndex = 1; lastKnownFileType = text.xcconfig; name = "Pods-DemoFormTests.debug.xcconfig"; path = "Pods/Target Support Files/Pods-DemoFormTests/Pods-DemoFormTests.debug.xcconfig"; sourceTree = "<group>"; };
		1BCBACEE22623FC15DEC5613 /* Pods-DemoForm.debug.xcconfig */ = {isa = PBXFileReference; includeInIndex = 1; lastKnownFileType = text.xcconfig; name = "Pods-DemoForm.debug.xcconfig"; path = "Pods/Target Support Files/Pods-DemoForm/Pods-DemoForm.debug.xcconfig"; sourceTree = "<group>"; };
		1C1D1DA721C206B900F7B951 /* DemoForm.app */ = {isa = PBXFileReference; explicitFileType = wrapper.application; includeInIndex = 0; path = DemoForm.app; sourceTree = BUILT_PRODUCTS_DIR; };
		1C1D1DAA21C206B900F7B951 /* AppDelegate.swift */ = {isa = PBXFileReference; lastKnownFileType = sourcecode.swift; path = AppDelegate.swift; sourceTree = "<group>"; };
		1C1D1DAC21C206B900F7B951 /* ViewController.swift */ = {isa = PBXFileReference; lastKnownFileType = sourcecode.swift; path = ViewController.swift; sourceTree = "<group>"; };
		1C1D1DAF21C206B900F7B951 /* Base */ = {isa = PBXFileReference; lastKnownFileType = file.storyboard; name = Base; path = Base.lproj/Main.storyboard; sourceTree = "<group>"; };
		1C1D1DB121C206BB00F7B951 /* Assets.xcassets */ = {isa = PBXFileReference; lastKnownFileType = folder.assetcatalog; path = Assets.xcassets; sourceTree = "<group>"; };
		1C1D1DB421C206BB00F7B951 /* Base */ = {isa = PBXFileReference; lastKnownFileType = file.storyboard; name = Base; path = Base.lproj/LaunchScreen.storyboard; sourceTree = "<group>"; };
		1C1D1DB621C206BB00F7B951 /* Info.plist */ = {isa = PBXFileReference; lastKnownFileType = text.plist.xml; path = Info.plist; sourceTree = "<group>"; };
		1C1D1DBB21C206BB00F7B951 /* DemoFormTests.xctest */ = {isa = PBXFileReference; explicitFileType = wrapper.cfbundle; includeInIndex = 0; path = DemoFormTests.xctest; sourceTree = BUILT_PRODUCTS_DIR; };
		1C1D1DBF21C206BB00F7B951 /* DemoFormTests.swift */ = {isa = PBXFileReference; lastKnownFileType = sourcecode.swift; path = DemoFormTests.swift; sourceTree = "<group>"; };
		1C1D1DC121C206BC00F7B951 /* Info.plist */ = {isa = PBXFileReference; lastKnownFileType = text.plist.xml; path = Info.plist; sourceTree = "<group>"; };
		1C1D1DC621C206BC00F7B951 /* DemoFormUITests.xctest */ = {isa = PBXFileReference; explicitFileType = wrapper.cfbundle; includeInIndex = 0; path = DemoFormUITests.xctest; sourceTree = BUILT_PRODUCTS_DIR; };
		1C1D1DCA21C206BC00F7B951 /* DemoFormUITests.swift */ = {isa = PBXFileReference; lastKnownFileType = sourcecode.swift; path = DemoFormUITests.swift; sourceTree = "<group>"; };
		1C1D1DCC21C206BC00F7B951 /* Info.plist */ = {isa = PBXFileReference; lastKnownFileType = text.plist.xml; path = Info.plist; sourceTree = "<group>"; };
		1C1D1DD921C208F100F7B951 /* BaseViewController.swift */ = {isa = PBXFileReference; lastKnownFileType = sourcecode.swift; path = BaseViewController.swift; sourceTree = "<group>"; };
		1C1D1DDE21C2098C00F7B951 /* FormTextfield.swift */ = {isa = PBXFileReference; lastKnownFileType = sourcecode.swift; path = FormTextfield.swift; sourceTree = "<group>"; };
		1C1D1DE021C209A500F7B951 /* FormTextfield.xib */ = {isa = PBXFileReference; lastKnownFileType = file.xib; path = FormTextfield.xib; sourceTree = "<group>"; };
		1C1D1DE321C2167D00F7B951 /* UIView.swift */ = {isa = PBXFileReference; lastKnownFileType = sourcecode.swift; path = UIView.swift; sourceTree = "<group>"; };
		1C1D1DE521C2219A00F7B951 /* UITextField.swift */ = {isa = PBXFileReference; lastKnownFileType = sourcecode.swift; path = UITextField.swift; sourceTree = "<group>"; };
		23CCE75026446C8507A2931B /* Pods_DemoForm.framework */ = {isa = PBXFileReference; explicitFileType = wrapper.framework; includeInIndex = 0; path = Pods_DemoForm.framework; sourceTree = BUILT_PRODUCTS_DIR; };
		3481CF9822AB50200264A890 /* Pods_DemoFormUITests.framework */ = {isa = PBXFileReference; explicitFileType = wrapper.framework; includeInIndex = 0; path = Pods_DemoFormUITests.framework; sourceTree = BUILT_PRODUCTS_DIR; };
		754F25708D6D46EAF6105E22 /* Pods-DemoFormUITests.release.xcconfig */ = {isa = PBXFileReference; includeInIndex = 1; lastKnownFileType = text.xcconfig; name = "Pods-DemoFormUITests.release.xcconfig"; path = "Pods/Target Support Files/Pods-DemoFormUITests/Pods-DemoFormUITests.release.xcconfig"; sourceTree = "<group>"; };
		95CD19FADA8A9A98774A7F92 /* Pods-DemoFormUITests.debug.xcconfig */ = {isa = PBXFileReference; includeInIndex = 1; lastKnownFileType = text.xcconfig; name = "Pods-DemoFormUITests.debug.xcconfig"; path = "Pods/Target Support Files/Pods-DemoFormUITests/Pods-DemoFormUITests.debug.xcconfig"; sourceTree = "<group>"; };
		AC7E9D1E3EE25C366138941B /* Pods_DemoFormTests.framework */ = {isa = PBXFileReference; explicitFileType = wrapper.framework; includeInIndex = 0; path = Pods_DemoFormTests.framework; sourceTree = BUILT_PRODUCTS_DIR; };
		B07F222921E309083E2A8A07 /* Pods-DemoFormTests.release.xcconfig */ = {isa = PBXFileReference; includeInIndex = 1; lastKnownFileType = text.xcconfig; name = "Pods-DemoFormTests.release.xcconfig"; path = "Pods/Target Support Files/Pods-DemoFormTests/Pods-DemoFormTests.release.xcconfig"; sourceTree = "<group>"; };
		E82D364D0B31BAFA92DE1AC0 /* Pods-DemoForm.release.xcconfig */ = {isa = PBXFileReference; includeInIndex = 1; lastKnownFileType = text.xcconfig; name = "Pods-DemoForm.release.xcconfig"; path = "Pods/Target Support Files/Pods-DemoForm/Pods-DemoForm.release.xcconfig"; sourceTree = "<group>"; };
/* End PBXFileReference section */

/* Begin PBXFrameworksBuildPhase section */
		1C1D1DA421C206B900F7B951 /* Frameworks */ = {
			isa = PBXFrameworksBuildPhase;
			buildActionMask = 2147483647;
			files = (
				EC15AE67B4812D9A11FD595E /* Pods_DemoForm.framework in Frameworks */,
			);
			runOnlyForDeploymentPostprocessing = 0;
		};
		1C1D1DB821C206BB00F7B951 /* Frameworks */ = {
			isa = PBXFrameworksBuildPhase;
			buildActionMask = 2147483647;
			files = (
				0DC43CEE2B03B2D477084C91 /* Pods_DemoFormTests.framework in Frameworks */,
			);
			runOnlyForDeploymentPostprocessing = 0;
		};
		1C1D1DC321C206BC00F7B951 /* Frameworks */ = {
			isa = PBXFrameworksBuildPhase;
			buildActionMask = 2147483647;
			files = (
				B83FA12C4B3ACA62A5484460 /* Pods_DemoFormUITests.framework in Frameworks */,
			);
			runOnlyForDeploymentPostprocessing = 0;
		};
/* End PBXFrameworksBuildPhase section */

/* Begin PBXGroup section */
		1C1D1D9E21C206B900F7B951 = {
			isa = PBXGroup;
			children = (
				1C1D1DA921C206B900F7B951 /* DemoForm */,
				1C1D1DBE21C206BB00F7B951 /* DemoFormTests */,
				1C1D1DC921C206BC00F7B951 /* DemoFormUITests */,
				1C1D1DA821C206B900F7B951 /* Products */,
				3FB1A1ADF2B131BC54BADA69 /* Pods */,
				30EFCE2CFB36944975201BFE /* Frameworks */,
			);
			sourceTree = "<group>";
		};
		1C1D1DA821C206B900F7B951 /* Products */ = {
			isa = PBXGroup;
			children = (
				1C1D1DA721C206B900F7B951 /* DemoForm.app */,
				1C1D1DBB21C206BB00F7B951 /* DemoFormTests.xctest */,
				1C1D1DC621C206BC00F7B951 /* DemoFormUITests.xctest */,
			);
			name = Products;
			sourceTree = "<group>";
		};
		1C1D1DA921C206B900F7B951 /* DemoForm */ = {
			isa = PBXGroup;
			children = (
				1C1D1DE221C2166D00F7B951 /* Extension */,
				1C1D1DDD21C2096700F7B951 /* Custom */,
				1C1D1DD821C208DD00F7B951 /* Base */,
				1C1D1DAA21C206B900F7B951 /* AppDelegate.swift */,
				1C1D1DAC21C206B900F7B951 /* ViewController.swift */,
				1C1D1DAE21C206B900F7B951 /* Main.storyboard */,
				1C1D1DB121C206BB00F7B951 /* Assets.xcassets */,
				1C1D1DB321C206BB00F7B951 /* LaunchScreen.storyboard */,
				1C1D1DB621C206BB00F7B951 /* Info.plist */,
			);
			path = DemoForm;
			sourceTree = "<group>";
		};
		1C1D1DBE21C206BB00F7B951 /* DemoFormTests */ = {
			isa = PBXGroup;
			children = (
				1C1D1DBF21C206BB00F7B951 /* DemoFormTests.swift */,
				1C1D1DC121C206BC00F7B951 /* Info.plist */,
			);
			path = DemoFormTests;
			sourceTree = "<group>";
		};
		1C1D1DC921C206BC00F7B951 /* DemoFormUITests */ = {
			isa = PBXGroup;
			children = (
				1C1D1DCA21C206BC00F7B951 /* DemoFormUITests.swift */,
				1C1D1DCC21C206BC00F7B951 /* Info.plist */,
			);
			path = DemoFormUITests;
			sourceTree = "<group>";
		};
		1C1D1DD821C208DD00F7B951 /* Base */ = {
			isa = PBXGroup;
			children = (
				1C1D1DD921C208F100F7B951 /* BaseViewController.swift */,
			);
			path = Base;
			sourceTree = "<group>";
		};
		1C1D1DDD21C2096700F7B951 /* Custom */ = {
			isa = PBXGroup;
			children = (
				1C1D1DE021C209A500F7B951 /* FormTextfield.xib */,
				1C1D1DDE21C2098C00F7B951 /* FormTextfield.swift */,
			);
			path = Custom;
			sourceTree = "<group>";
		};
		1C1D1DE221C2166D00F7B951 /* Extension */ = {
			isa = PBXGroup;
			children = (
				1C1D1DE321C2167D00F7B951 /* UIView.swift */,
				1C1D1DE521C2219A00F7B951 /* UITextField.swift */,
			);
			path = Extension;
			sourceTree = "<group>";
		};
		30EFCE2CFB36944975201BFE /* Frameworks */ = {
			isa = PBXGroup;
			children = (
				23CCE75026446C8507A2931B /* Pods_DemoForm.framework */,
				AC7E9D1E3EE25C366138941B /* Pods_DemoFormTests.framework */,
				3481CF9822AB50200264A890 /* Pods_DemoFormUITests.framework */,
			);
			name = Frameworks;
			sourceTree = "<group>";
		};
		3FB1A1ADF2B131BC54BADA69 /* Pods */ = {
			isa = PBXGroup;
			children = (
				1BCBACEE22623FC15DEC5613 /* Pods-DemoForm.debug.xcconfig */,
				E82D364D0B31BAFA92DE1AC0 /* Pods-DemoForm.release.xcconfig */,
				0850CB5865A79145FF1D11A0 /* Pods-DemoFormTests.debug.xcconfig */,
				B07F222921E309083E2A8A07 /* Pods-DemoFormTests.release.xcconfig */,
				95CD19FADA8A9A98774A7F92 /* Pods-DemoFormUITests.debug.xcconfig */,
				754F25708D6D46EAF6105E22 /* Pods-DemoFormUITests.release.xcconfig */,
			);
			name = Pods;
			sourceTree = "<group>";
		};
/* End PBXGroup section */

/* Begin PBXNativeTarget section */
		1C1D1DA621C206B900F7B951 /* DemoForm */ = {
			isa = PBXNativeTarget;
			buildConfigurationList = 1C1D1DCF21C206BC00F7B951 /* Build configuration list for PBXNativeTarget "DemoForm" */;
			buildPhases = (
				CDCF5AB9CCD114237C30E0B0 /* [CP] Check Pods Manifest.lock */,
				1C1D1DA321C206B900F7B951 /* Sources */,
				1C1D1DA421C206B900F7B951 /* Frameworks */,
				1C1D1DA521C206B900F7B951 /* Resources */,
				193CCD4C5DDBD41FFDC3FC69 /* [CP] Embed Pods Frameworks */,
			);
			buildRules = (
			);
			dependencies = (
			);
			name = DemoForm;
			productName = DemoForm;
			productReference = 1C1D1DA721C206B900F7B951 /* DemoForm.app */;
			productType = "com.apple.product-type.application";
		};
		1C1D1DBA21C206BB00F7B951 /* DemoFormTests */ = {
			isa = PBXNativeTarget;
			buildConfigurationList = 1C1D1DD221C206BC00F7B951 /* Build configuration list for PBXNativeTarget "DemoFormTests" */;
			buildPhases = (
				39A223EE8048ADD1F30F5E27 /* [CP] Check Pods Manifest.lock */,
				1C1D1DB721C206BB00F7B951 /* Sources */,
				1C1D1DB821C206BB00F7B951 /* Frameworks */,
				1C1D1DB921C206BB00F7B951 /* Resources */,
			);
			buildRules = (
			);
			dependencies = (
				1C1D1DBD21C206BB00F7B951 /* PBXTargetDependency */,
			);
			name = DemoFormTests;
			productName = DemoFormTests;
			productReference = 1C1D1DBB21C206BB00F7B951 /* DemoFormTests.xctest */;
			productType = "com.apple.product-type.bundle.unit-test";
		};
		1C1D1DC521C206BC00F7B951 /* DemoFormUITests */ = {
			isa = PBXNativeTarget;
			buildConfigurationList = 1C1D1DD521C206BC00F7B951 /* Build configuration list for PBXNativeTarget "DemoFormUITests" */;
			buildPhases = (
				3E718BFFFCF95E8CBA8B86BC /* [CP] Check Pods Manifest.lock */,
				1C1D1DC221C206BC00F7B951 /* Sources */,
				1C1D1DC321C206BC00F7B951 /* Frameworks */,
				1C1D1DC421C206BC00F7B951 /* Resources */,
			);
			buildRules = (
			);
			dependencies = (
				1C1D1DC821C206BC00F7B951 /* PBXTargetDependency */,
			);
			name = DemoFormUITests;
			productName = DemoFormUITests;
			productReference = 1C1D1DC621C206BC00F7B951 /* DemoFormUITests.xctest */;
			productType = "com.apple.product-type.bundle.ui-testing";
		};
/* End PBXNativeTarget section */

/* Begin PBXProject section */
		1C1D1D9F21C206B900F7B951 /* Project object */ = {
			isa = PBXProject;
			attributes = {
				LastSwiftUpdateCheck = 1010;
				LastUpgradeCheck = 1010;
				ORGANIZATIONNAME = nostra;
				TargetAttributes = {
					1C1D1DA621C206B900F7B951 = {
						CreatedOnToolsVersion = 10.1;
					};
					1C1D1DBA21C206BB00F7B951 = {
						CreatedOnToolsVersion = 10.1;
						TestTargetID = 1C1D1DA621C206B900F7B951;
					};
					1C1D1DC521C206BC00F7B951 = {
						CreatedOnToolsVersion = 10.1;
						TestTargetID = 1C1D1DA621C206B900F7B951;
					};
				};
			};
			buildConfigurationList = 1C1D1DA221C206B900F7B951 /* Build configuration list for PBXProject "DemoForm" */;
			compatibilityVersion = "Xcode 9.3";
			developmentRegion = en;
			hasScannedForEncodings = 0;
			knownRegions = (
				en,
				Base,
			);
			mainGroup = 1C1D1D9E21C206B900F7B951;
			productRefGroup = 1C1D1DA821C206B900F7B951 /* Products */;
			projectDirPath = "";
			projectRoot = "";
			targets = (
				1C1D1DA621C206B900F7B951 /* DemoForm */,
				1C1D1DBA21C206BB00F7B951 /* DemoFormTests */,
				1C1D1DC521C206BC00F7B951 /* DemoFormUITests */,
			);
		};
/* End PBXProject section */

/* Begin PBXResourcesBuildPhase section */
		1C1D1DA521C206B900F7B951 /* Resources */ = {
			isa = PBXResourcesBuildPhase;
			buildActionMask = 2147483647;
			files = (
				1C1D1DB521C206BB00F7B951 /* LaunchScreen.storyboard in Resources */,
				1C1D1DB221C206BB00F7B951 /* Assets.xcassets in Resources */,
				1C1D1DE121C209A500F7B951 /* FormTextfield.xib in Resources */,
				1C1D1DB021C206B900F7B951 /* Main.storyboard in Resources */,
			);
			runOnlyForDeploymentPostprocessing = 0;
		};
		1C1D1DB921C206BB00F7B951 /* Resources */ = {
			isa = PBXResourcesBuildPhase;
			buildActionMask = 2147483647;
			files = (
			);
			runOnlyForDeploymentPostprocessing = 0;
		};
		1C1D1DC421C206BC00F7B951 /* Resources */ = {
			isa = PBXResourcesBuildPhase;
			buildActionMask = 2147483647;
			files = (
			);
			runOnlyForDeploymentPostprocessing = 0;
		};
/* End PBXResourcesBuildPhase section */

/* Begin PBXShellScriptBuildPhase section */
		193CCD4C5DDBD41FFDC3FC69 /* [CP] Embed Pods Frameworks */ = {
			isa = PBXShellScriptBuildPhase;
			buildActionMask = 2147483647;
			files = (
			);
			inputFileListPaths = (
			);
			inputPaths = (
				"${SRCROOT}/Pods/Target Support Files/Pods-DemoForm/Pods-DemoForm-frameworks.sh",
				"${BUILT_PRODUCTS_DIR}/SwiftValidator/SwiftValidator.framework",
			);
			name = "[CP] Embed Pods Frameworks";
			outputFileListPaths = (
			);
			outputPaths = (
				"${TARGET_BUILD_DIR}/${FRAMEWORKS_FOLDER_PATH}/SwiftValidator.framework",
			);
			runOnlyForDeploymentPostprocessing = 0;
			shellPath = /bin/sh;
			shellScript = "\"${SRCROOT}/Pods/Target Support Files/Pods-DemoForm/Pods-DemoForm-frameworks.sh\"\n";
			showEnvVarsInLog = 0;
		};
		39A223EE8048ADD1F30F5E27 /* [CP] Check Pods Manifest.lock */ = {
			isa = PBXShellScriptBuildPhase;
			buildActionMask = 2147483647;
			files = (
			);
			inputFileListPaths = (
			);
			inputPaths = (
				"${PODS_PODFILE_DIR_PATH}/Podfile.lock",
				"${PODS_ROOT}/Manifest.lock",
			);
			name = "[CP] Check Pods Manifest.lock";
			outputFileListPaths = (
			);
			outputPaths = (
				"$(DERIVED_FILE_DIR)/Pods-DemoFormTests-checkManifestLockResult.txt",
			);
			runOnlyForDeploymentPostprocessing = 0;
			shellPath = /bin/sh;
			shellScript = "diff \"${PODS_PODFILE_DIR_PATH}/Podfile.lock\" \"${PODS_ROOT}/Manifest.lock\" > /dev/null\nif [ $? != 0 ] ; then\n    # print error to STDERR\n    echo \"error: The sandbox is not in sync with the Podfile.lock. Run 'pod install' or update your CocoaPods installation.\" >&2\n    exit 1\nfi\n# This output is used by Xcode 'outputs' to avoid re-running this script phase.\necho \"SUCCESS\" > \"${SCRIPT_OUTPUT_FILE_0}\"\n";
			showEnvVarsInLog = 0;
		};
		3E718BFFFCF95E8CBA8B86BC /* [CP] Check Pods Manifest.lock */ = {
			isa = PBXShellScriptBuildPhase;
			buildActionMask = 2147483647;
			files = (
			);
			inputFileListPaths = (
			);
			inputPaths = (
				"${PODS_PODFILE_DIR_PATH}/Podfile.lock",
				"${PODS_ROOT}/Manifest.lock",
			);
			name = "[CP] Check Pods Manifest.lock";
			outputFileListPaths = (
			);
			outputPaths = (
				"$(DERIVED_FILE_DIR)/Pods-DemoFormUITests-checkManifestLockResult.txt",
			);
			runOnlyForDeploymentPostprocessing = 0;
			shellPath = /bin/sh;
			shellScript = "diff \"${PODS_PODFILE_DIR_PATH}/Podfile.lock\" \"${PODS_ROOT}/Manifest.lock\" > /dev/null\nif [ $? != 0 ] ; then\n    # print error to STDERR\n    echo \"error: The sandbox is not in sync with the Podfile.lock. Run 'pod install' or update your CocoaPods installation.\" >&2\n    exit 1\nfi\n# This output is used by Xcode 'outputs' to avoid re-running this script phase.\necho \"SUCCESS\" > \"${SCRIPT_OUTPUT_FILE_0}\"\n";
			showEnvVarsInLog = 0;
		};
		CDCF5AB9CCD114237C30E0B0 /* [CP] Check Pods Manifest.lock */ = {
			isa = PBXShellScriptBuildPhase;
			buildActionMask = 2147483647;
			files = (
			);
			inputFileListPaths = (
			);
			inputPaths = (
				"${PODS_PODFILE_DIR_PATH}/Podfile.lock",
				"${PODS_ROOT}/Manifest.lock",
			);
			name = "[CP] Check Pods Manifest.lock";
			outputFileListPaths = (
			);
			outputPaths = (
				"$(DERIVED_FILE_DIR)/Pods-DemoForm-checkManifestLockResult.txt",
			);
			runOnlyForDeploymentPostprocessing = 0;
			shellPath = /bin/sh;
			shellScript = "diff \"${PODS_PODFILE_DIR_PATH}/Podfile.lock\" \"${PODS_ROOT}/Manifest.lock\" > /dev/null\nif [ $? != 0 ] ; then\n    # print error to STDERR\n    echo \"error: The sandbox is not in sync with the Podfile.lock. Run 'pod install' or update your CocoaPods installation.\" >&2\n    exit 1\nfi\n# This output is used by Xcode 'outputs' to avoid re-running this script phase.\necho \"SUCCESS\" > \"${SCRIPT_OUTPUT_FILE_0}\"\n";
			showEnvVarsInLog = 0;
		};
/* End PBXShellScriptBuildPhase section */

/* Begin PBXSourcesBuildPhase section */
		1C1D1DA321C206B900F7B951 /* Sources */ = {
			isa = PBXSourcesBuildPhase;
			buildActionMask = 2147483647;
			files = (
				1C1D1DE421C2167D00F7B951 /* UIView.swift in Sources */,
				1C1D1DAD21C206B900F7B951 /* ViewController.swift in Sources */,
				1C1D1DAB21C206B900F7B951 /* AppDelegate.swift in Sources */,
				1C1D1DDB21C208F100F7B951 /* BaseViewController.swift in Sources */,
				1C1D1DDF21C2098C00F7B951 /* FormTextfield.swift in Sources */,
				1C1D1DE621C2219A00F7B951 /* UITextField.swift in Sources */,
			);
			runOnlyForDeploymentPostprocessing = 0;
		};
		1C1D1DB721C206BB00F7B951 /* Sources */ = {
			isa = PBXSourcesBuildPhase;
			buildActionMask = 2147483647;
			files = (
				1C1D1DC021C206BB00F7B951 /* DemoFormTests.swift in Sources */,
			);
			runOnlyForDeploymentPostprocessing = 0;
		};
		1C1D1DC221C206BC00F7B951 /* Sources */ = {
			isa = PBXSourcesBuildPhase;
			buildActionMask = 2147483647;
			files = (
				1C1D1DCB21C206BC00F7B951 /* DemoFormUITests.swift in Sources */,
			);
			runOnlyForDeploymentPostprocessing = 0;
		};
/* End PBXSourcesBuildPhase section */

/* Begin PBXTargetDependency section */
		1C1D1DBD21C206BB00F7B951 /* PBXTargetDependency */ = {
			isa = PBXTargetDependency;
			target = 1C1D1DA621C206B900F7B951 /* DemoForm */;
			targetProxy = 1C1D1DBC21C206BB00F7B951 /* PBXContainerItemProxy */;
		};
		1C1D1DC821C206BC00F7B951 /* PBXTargetDependency */ = {
			isa = PBXTargetDependency;
			target = 1C1D1DA621C206B900F7B951 /* DemoForm */;
			targetProxy = 1C1D1DC721C206BC00F7B951 /* PBXContainerItemProxy */;
		};
/* End PBXTargetDependency section */

/* Begin PBXVariantGroup section */
		1C1D1DAE21C206B900F7B951 /* Main.storyboard */ = {
			isa = PBXVariantGroup;
			children = (
				1C1D1DAF21C206B900F7B951 /* Base */,
			);
			name = Main.storyboard;
			sourceTree = "<group>";
		};
		1C1D1DB321C206BB00F7B951 /* LaunchScreen.storyboard */ = {
			isa = PBXVariantGroup;
			children = (
				1C1D1DB421C206BB00F7B951 /* Base */,
			);
			name = LaunchScreen.storyboard;
			sourceTree = "<group>";
		};
/* End PBXVariantGroup section */

/* Begin XCBuildConfiguration section */
		1C1D1DCD21C206BC00F7B951 /* Debug */ = {
			isa = XCBuildConfiguration;
			buildSettings = {
				ALWAYS_SEARCH_USER_PATHS = NO;
				CLANG_ANALYZER_NONNULL = YES;
				CLANG_ANALYZER_NUMBER_OBJECT_CONVERSION = YES_AGGRESSIVE;
				CLANG_CXX_LANGUAGE_STANDARD = "gnu++14";
				CLANG_CXX_LIBRARY = "libc++";
				CLANG_ENABLE_MODULES = YES;
				CLANG_ENABLE_OBJC_ARC = YES;
				CLANG_ENABLE_OBJC_WEAK = YES;
				CLANG_WARN_BLOCK_CAPTURE_AUTORELEASING = YES;
				CLANG_WARN_BOOL_CONVERSION = YES;
				CLANG_WARN_COMMA = YES;
				CLANG_WARN_CONSTANT_CONVERSION = YES;
				CLANG_WARN_DEPRECATED_OBJC_IMPLEMENTATIONS = YES;
				CLANG_WARN_DIRECT_OBJC_ISA_USAGE = YES_ERROR;
				CLANG_WARN_DOCUMENTATION_COMMENTS = YES;
				CLANG_WARN_EMPTY_BODY = YES;
				CLANG_WARN_ENUM_CONVERSION = YES;
				CLANG_WARN_INFINITE_RECURSION = YES;
				CLANG_WARN_INT_CONVERSION = YES;
				CLANG_WARN_NON_LITERAL_NULL_CONVERSION = YES;
				CLANG_WARN_OBJC_IMPLICIT_RETAIN_SELF = YES;
				CLANG_WARN_OBJC_LITERAL_CONVERSION = YES;
				CLANG_WARN_OBJC_ROOT_CLASS = YES_ERROR;
				CLANG_WARN_RANGE_LOOP_ANALYSIS = YES;
				CLANG_WARN_STRICT_PROTOTYPES = YES;
				CLANG_WARN_SUSPICIOUS_MOVE = YES;
				CLANG_WARN_UNGUARDED_AVAILABILITY = YES_AGGRESSIVE;
				CLANG_WARN_UNREACHABLE_CODE = YES;
				CLANG_WARN__DUPLICATE_METHOD_MATCH = YES;
				CODE_SIGN_IDENTITY = "iPhone Developer";
				COPY_PHASE_STRIP = NO;
				DEBUG_INFORMATION_FORMAT = dwarf;
				ENABLE_STRICT_OBJC_MSGSEND = YES;
				ENABLE_TESTABILITY = YES;
				GCC_C_LANGUAGE_STANDARD = gnu11;
				GCC_DYNAMIC_NO_PIC = NO;
				GCC_NO_COMMON_BLOCKS = YES;
				GCC_OPTIMIZATION_LEVEL = 0;
				GCC_PREPROCESSOR_DEFINITIONS = (
					"DEBUG=1",
					"$(inherited)",
				);
				GCC_WARN_64_TO_32_BIT_CONVERSION = YES;
				GCC_WARN_ABOUT_RETURN_TYPE = YES_ERROR;
				GCC_WARN_UNDECLARED_SELECTOR = YES;
				GCC_WARN_UNINITIALIZED_AUTOS = YES_AGGRESSIVE;
				GCC_WARN_UNUSED_FUNCTION = YES;
				GCC_WARN_UNUSED_VARIABLE = YES;
				IPHONEOS_DEPLOYMENT_TARGET = 12.1;
				MTL_ENABLE_DEBUG_INFO = INCLUDE_SOURCE;
				MTL_FAST_MATH = YES;
				ONLY_ACTIVE_ARCH = YES;
				SDKROOT = iphoneos;
				SWIFT_ACTIVE_COMPILATION_CONDITIONS = DEBUG;
				SWIFT_OPTIMIZATION_LEVEL = "-Onone";
			};
			name = Debug;
		};
		1C1D1DCE21C206BC00F7B951 /* Release */ = {
			isa = XCBuildConfiguration;
			buildSettings = {
				ALWAYS_SEARCH_USER_PATHS = NO;
				CLANG_ANALYZER_NONNULL = YES;
				CLANG_ANALYZER_NUMBER_OBJECT_CONVERSION = YES_AGGRESSIVE;
				CLANG_CXX_LANGUAGE_STANDARD = "gnu++14";
				CLANG_CXX_LIBRARY = "libc++";
				CLANG_ENABLE_MODULES = YES;
				CLANG_ENABLE_OBJC_ARC = YES;
				CLANG_ENABLE_OBJC_WEAK = YES;
				CLANG_WARN_BLOCK_CAPTURE_AUTORELEASING = YES;
				CLANG_WARN_BOOL_CONVERSION = YES;
				CLANG_WARN_COMMA = YES;
				CLANG_WARN_CONSTANT_CONVERSION = YES;
				CLANG_WARN_DEPRECATED_OBJC_IMPLEMENTATIONS = YES;
				CLANG_WARN_DIRECT_OBJC_ISA_USAGE = YES_ERROR;
				CLANG_WARN_DOCUMENTATION_COMMENTS = YES;
				CLANG_WARN_EMPTY_BODY = YES;
				CLANG_WARN_ENUM_CONVERSION = YES;
				CLANG_WARN_INFINITE_RECURSION = YES;
				CLANG_WARN_INT_CONVERSION = YES;
				CLANG_WARN_NON_LITERAL_NULL_CONVERSION = YES;
				CLANG_WARN_OBJC_IMPLICIT_RETAIN_SELF = YES;
				CLANG_WARN_OBJC_LITERAL_CONVERSION = YES;
				CLANG_WARN_OBJC_ROOT_CLASS = YES_ERROR;
				CLANG_WARN_RANGE_LOOP_ANALYSIS = YES;
				CLANG_WARN_STRICT_PROTOTYPES = YES;
				CLANG_WARN_SUSPICIOUS_MOVE = YES;
				CLANG_WARN_UNGUARDED_AVAILABILITY = YES_AGGRESSIVE;
				CLANG_WARN_UNREACHABLE_CODE = YES;
				CLANG_WARN__DUPLICATE_METHOD_MATCH = YES;
				CODE_SIGN_IDENTITY = "iPhone Developer";
				COPY_PHASE_STRIP = NO;
				DEBUG_INFORMATION_FORMAT = "dwarf-with-dsym";
				ENABLE_NS_ASSERTIONS = NO;
				ENABLE_STRICT_OBJC_MSGSEND = YES;
				GCC_C_LANGUAGE_STANDARD = gnu11;
				GCC_NO_COMMON_BLOCKS = YES;
				GCC_WARN_64_TO_32_BIT_CONVERSION = YES;
				GCC_WARN_ABOUT_RETURN_TYPE = YES_ERROR;
				GCC_WARN_UNDECLARED_SELECTOR = YES;
				GCC_WARN_UNINITIALIZED_AUTOS = YES_AGGRESSIVE;
				GCC_WARN_UNUSED_FUNCTION = YES;
				GCC_WARN_UNUSED_VARIABLE = YES;
				IPHONEOS_DEPLOYMENT_TARGET = 12.1;
				MTL_ENABLE_DEBUG_INFO = NO;
				MTL_FAST_MATH = YES;
				SDKROOT = iphoneos;
				SWIFT_COMPILATION_MODE = wholemodule;
				SWIFT_OPTIMIZATION_LEVEL = "-O";
				VALIDATE_PRODUCT = YES;
			};
			name = Release;
		};
		1C1D1DD021C206BC00F7B951 /* Debug */ = {
			isa = XCBuildConfiguration;
			baseConfigurationReference = 1BCBACEE22623FC15DEC5613 /* Pods-DemoForm.debug.xcconfig */;
			buildSettings = {
				ASSETCATALOG_COMPILER_APPICON_NAME = AppIcon;
				CODE_SIGN_STYLE = Automatic;
				DEVELOPMENT_TEAM = Q634S6K75V;
				INFOPLIST_FILE = DemoForm/Info.plist;
				LD_RUNPATH_SEARCH_PATHS = (
					"$(inherited)",
					"@executable_path/Frameworks",
				);
				PRODUCT_BUNDLE_IDENTIFIER = co.DemoForm;
				PRODUCT_NAME = "$(TARGET_NAME)";
				SWIFT_VERSION = 4.0;
				TARGETED_DEVICE_FAMILY = "1,2";
			};
			name = Debug;
		};
		1C1D1DD121C206BC00F7B951 /* Release */ = {
			isa = XCBuildConfiguration;
			baseConfigurationReference = E82D364D0B31BAFA92DE1AC0 /* Pods-DemoForm.release.xcconfig */;
			buildSettings = {
				ASSETCATALOG_COMPILER_APPICON_NAME = AppIcon;
				CODE_SIGN_STYLE = Automatic;
				DEVELOPMENT_TEAM = Q634S6K75V;
				INFOPLIST_FILE = DemoForm/Info.plist;
				LD_RUNPATH_SEARCH_PATHS = (
					"$(inherited)",
					"@executable_path/Frameworks",
				);
				PRODUCT_BUNDLE_IDENTIFIER = co.DemoForm;
				PRODUCT_NAME = "$(TARGET_NAME)";
				SWIFT_VERSION = 4.0;
				TARGETED_DEVICE_FAMILY = "1,2";
			};
			name = Release;
		};
		1C1D1DD321C206BC00F7B951 /* Debug */ = {
			isa = XCBuildConfiguration;
			baseConfigurationReference = 0850CB5865A79145FF1D11A0 /* Pods-DemoFormTests.debug.xcconfig */;
			buildSettings = {
				ALWAYS_EMBED_SWIFT_STANDARD_LIBRARIES = YES;
				BUNDLE_LOADER = "$(TEST_HOST)";
				CODE_SIGN_STYLE = Automatic;
				DEVELOPMENT_TEAM = Q634S6K75V;
				INFOPLIST_FILE = DemoFormTests/Info.plist;
				LD_RUNPATH_SEARCH_PATHS = (
					"$(inherited)",
					"@executable_path/Frameworks",
					"@loader_path/Frameworks",
				);
				PRODUCT_BUNDLE_IDENTIFIER = co.DemoFormTests;
				PRODUCT_NAME = "$(TARGET_NAME)";
				SWIFT_VERSION = 4.2;
				TARGETED_DEVICE_FAMILY = "1,2";
				TEST_HOST = "$(BUILT_PRODUCTS_DIR)/DemoForm.app/DemoForm";
			};
			name = Debug;
		};
		1C1D1DD421C206BC00F7B951 /* Release */ = {
			isa = XCBuildConfiguration;
			baseConfigurationReference = B07F222921E309083E2A8A07 /* Pods-DemoFormTests.release.xcconfig */;
			buildSettings = {
				ALWAYS_EMBED_SWIFT_STANDARD_LIBRARIES = YES;
				BUNDLE_LOADER = "$(TEST_HOST)";
				CODE_SIGN_STYLE = Automatic;
				DEVELOPMENT_TEAM = Q634S6K75V;
				INFOPLIST_FILE = DemoFormTests/Info.plist;
				LD_RUNPATH_SEARCH_PATHS = (
					"$(inherited)",
					"@executable_path/Frameworks",
					"@loader_path/Frameworks",
				);
				PRODUCT_BUNDLE_IDENTIFIER = co.DemoFormTests;
				PRODUCT_NAME = "$(TARGET_NAME)";
				SWIFT_VERSION = 4.2;
				TARGETED_DEVICE_FAMILY = "1,2";
				TEST_HOST = "$(BUILT_PRODUCTS_DIR)/DemoForm.app/DemoForm";
			};
			name = Release;
		};
		1C1D1DD621C206BC00F7B951 /* Debug */ = {
			isa = XCBuildConfiguration;
			baseConfigurationReference = 95CD19FADA8A9A98774A7F92 /* Pods-DemoFormUITests.debug.xcconfig */;
			buildSettings = {
				ALWAYS_EMBED_SWIFT_STANDARD_LIBRARIES = YES;
				CODE_SIGN_STYLE = Automatic;
				DEVELOPMENT_TEAM = Q634S6K75V;
				INFOPLIST_FILE = DemoFormUITests/Info.plist;
				LD_RUNPATH_SEARCH_PATHS = (
					"$(inherited)",
					"@executable_path/Frameworks",
					"@loader_path/Frameworks",
				);
				PRODUCT_BUNDLE_IDENTIFIER = co.DemoFormUITests;
				PRODUCT_NAME = "$(TARGET_NAME)";
				SWIFT_VERSION = 4.2;
				TARGETED_DEVICE_FAMILY = "1,2";
				TEST_TARGET_NAME = DemoForm;
			};
			name = Debug;
		};
		1C1D1DD721C206BC00F7B951 /* Release */ = {
			isa = XCBuildConfiguration;
			baseConfigurationReference = 754F25708D6D46EAF6105E22 /* Pods-DemoFormUITests.release.xcconfig */;
			buildSettings = {
				ALWAYS_EMBED_SWIFT_STANDARD_LIBRARIES = YES;
				CODE_SIGN_STYLE = Automatic;
				DEVELOPMENT_TEAM = Q634S6K75V;
				INFOPLIST_FILE = DemoFormUITests/Info.plist;
				LD_RUNPATH_SEARCH_PATHS = (
					"$(inherited)",
					"@executable_path/Frameworks",
					"@loader_path/Frameworks",
				);
				PRODUCT_BUNDLE_IDENTIFIER = co.DemoFormUITests;
				PRODUCT_NAME = "$(TARGET_NAME)";
				SWIFT_VERSION = 4.2;
				TARGETED_DEVICE_FAMILY = "1,2";
				TEST_TARGET_NAME = DemoForm;
			};
			name = Release;
		};
/* End XCBuildConfiguration section */

/* Begin XCConfigurationList section */
		1C1D1DA221C206B900F7B951 /* Build configuration list for PBXProject "DemoForm" */ = {
			isa = XCConfigurationList;
			buildConfigurations = (
				1C1D1DCD21C206BC00F7B951 /* Debug */,
				1C1D1DCE21C206BC00F7B951 /* Release */,
			);
			defaultConfigurationIsVisible = 0;
			defaultConfigurationName = Release;
		};
		1C1D1DCF21C206BC00F7B951 /* Build configuration list for PBXNativeTarget "DemoForm" */ = {
			isa = XCConfigurationList;
			buildConfigurations = (
				1C1D1DD021C206BC00F7B951 /* Debug */,
				1C1D1DD121C206BC00F7B951 /* Release */,
			);
			defaultConfigurationIsVisible = 0;
			defaultConfigurationName = Release;
		};
		1C1D1DD221C206BC00F7B951 /* Build configuration list for PBXNativeTarget "DemoFormTests" */ = {
			isa = XCConfigurationList;
			buildConfigurations = (
				1C1D1DD321C206BC00F7B951 /* Debug */,
				1C1D1DD421C206BC00F7B951 /* Release */,
			);
			defaultConfigurationIsVisible = 0;
			defaultConfigurationName = Release;
		};
		1C1D1DD521C206BC00F7B951 /* Build configuration list for PBXNativeTarget "DemoFormUITests" */ = {
			isa = XCConfigurationList;
			buildConfigurations = (
				1C1D1DD621C206BC00F7B951 /* Debug */,
				1C1D1DD721C206BC00F7B951 /* Release */,
			);
			defaultConfigurationIsVisible = 0;
			defaultConfigurationName = Release;
		};
/* End XCConfigurationList section */
	};
	rootObject = 1C1D1D9F21C206B900F7B951 /* Project object */;
}
